// !$*UTF8*$!
{
	archiveVersion = 1;
	classes = {
	};
	objectVersion = 56;
	objects = {

/* Begin PBXBuildFile section */
		8976A7972BF9265900566319 /* ListingItemView.swift in Sources */ = {isa = PBXBuildFile; fileRef = 8976A7962BF9265900566319 /* ListingItemView.swift */; };
		8976A79A2BF92AFE00566319 /* SearchAndFIlterBar.swift in Sources */ = {isa = PBXBuildFile; fileRef = 8976A7992BF92AFE00566319 /* SearchAndFIlterBar.swift */; };
		8976A79C2BF9402400566319 /* ListingDetailView.swift in Sources */ = {isa = PBXBuildFile; fileRef = 8976A79B2BF9402400566319 /* ListingDetailView.swift */; };
		8976A79E2BF9403E00566319 /* ListingImageCarouselView.swift in Sources */ = {isa = PBXBuildFile; fileRef = 8976A79D2BF9403E00566319 /* ListingImageCarouselView.swift */; };
		8976A7A02BF96D1C00566319 /* CheckoutView.swift in Sources */ = {isa = PBXBuildFile; fileRef = 8976A79F2BF96D1C00566319 /* CheckoutView.swift */; };
		8976A7A22BFAB2F200566319 /* DestinationSearchView.swift in Sources */ = {isa = PBXBuildFile; fileRef = 8976A7A12BFAB2F200566319 /* DestinationSearchView.swift */; };
		8976A7A42BFC22A400566319 /* ProfileView.swift in Sources */ = {isa = PBXBuildFile; fileRef = 8976A7A32BFC22A400566319 /* ProfileView.swift */; };
		8976A7A62BFC295200566319 /* WishlistsView.swift in Sources */ = {isa = PBXBuildFile; fileRef = 8976A7A52BFC295200566319 /* WishlistsView.swift */; };
		8976A7A92BFD69BE00566319 /* Listning.swift in Sources */ = {isa = PBXBuildFile; fileRef = 8976A7A82BFD69BE00566319 /* Listning.swift */; };
		8976A7AB2BFD80C300566319 /* DeveloperPreview.swift in Sources */ = {isa = PBXBuildFile; fileRef = 8976A7AA2BFD80C300566319 /* DeveloperPreview.swift */; };
		8976A7AD2BFD839900566319 /* TabbarView.swift in Sources */ = {isa = PBXBuildFile; fileRef = 8976A7AC2BFD839900566319 /* TabbarView.swift */; };
		89E7C9572BF8DFB900F99443 /* airbnbApp.swift in Sources */ = {isa = PBXBuildFile; fileRef = 89E7C9562BF8DFB900F99443 /* airbnbApp.swift */; };
		89E7C9592BF8DFB900F99443 /* ContentView.swift in Sources */ = {isa = PBXBuildFile; fileRef = 89E7C9582BF8DFB900F99443 /* ContentView.swift */; };
		89E7C95B2BF8DFBA00F99443 /* Assets.xcassets in Resources */ = {isa = PBXBuildFile; fileRef = 89E7C95A2BF8DFBA00F99443 /* Assets.xcassets */; };
		89E7C95E2BF8DFBA00F99443 /* Preview Assets.xcassets in Resources */ = {isa = PBXBuildFile; fileRef = 89E7C95D2BF8DFBA00F99443 /* Preview Assets.xcassets */; };
		89E7C9712BF8F02500F99443 /* ExploreView.swift in Sources */ = {isa = PBXBuildFile; fileRef = 89E7C9702BF8F02500F99443 /* ExploreView.swift */; };
/* End PBXBuildFile section */

/* Begin PBXFileReference section */
		8976A7962BF9265900566319 /* ListingItemView.swift */ = {isa = PBXFileReference; lastKnownFileType = sourcecode.swift; path = ListingItemView.swift; sourceTree = "<group>"; };
		8976A7992BF92AFE00566319 /* SearchAndFIlterBar.swift */ = {isa = PBXFileReference; lastKnownFileType = sourcecode.swift; path = SearchAndFIlterBar.swift; sourceTree = "<group>"; };
		8976A79B2BF9402400566319 /* ListingDetailView.swift */ = {isa = PBXFileReference; lastKnownFileType = sourcecode.swift; path = ListingDetailView.swift; sourceTree = "<group>"; };
		8976A79D2BF9403E00566319 /* ListingImageCarouselView.swift */ = {isa = PBXFileReference; lastKnownFileType = sourcecode.swift; path = ListingImageCarouselView.swift; sourceTree = "<group>"; };
		8976A79F2BF96D1C00566319 /* CheckoutView.swift */ = {isa = PBXFileReference; lastKnownFileType = sourcecode.swift; path = CheckoutView.swift; sourceTree = "<group>"; };
		8976A7A12BFAB2F200566319 /* DestinationSearchView.swift */ = {isa = PBXFileReference; lastKnownFileType = sourcecode.swift; path = DestinationSearchView.swift; sourceTree = "<group>"; };
		8976A7A32BFC22A400566319 /* ProfileView.swift */ = {isa = PBXFileReference; lastKnownFileType = sourcecode.swift; path = ProfileView.swift; sourceTree = "<group>"; };
		8976A7A52BFC295200566319 /* WishlistsView.swift */ = {isa = PBXFileReference; lastKnownFileType = sourcecode.swift; path = WishlistsView.swift; sourceTree = "<group>"; };
		8976A7A82BFD69BE00566319 /* Listning.swift */ = {isa = PBXFileReference; lastKnownFileType = sourcecode.swift; path = Listning.swift; sourceTree = "<group>"; };
		8976A7AA2BFD80C300566319 /* DeveloperPreview.swift */ = {isa = PBXFileReference; lastKnownFileType = sourcecode.swift; path = DeveloperPreview.swift; sourceTree = "<group>"; };
		8976A7AC2BFD839900566319 /* TabbarView.swift */ = {isa = PBXFileReference; lastKnownFileType = sourcecode.swift; path = TabbarView.swift; sourceTree = "<group>"; };
		89E7C9532BF8DFB900F99443 /* airbnb.app */ = {isa = PBXFileReference; explicitFileType = wrapper.application; includeInIndex = 0; path = airbnb.app; sourceTree = BUILT_PRODUCTS_DIR; };
		89E7C9562BF8DFB900F99443 /* airbnbApp.swift */ = {isa = PBXFileReference; lastKnownFileType = sourcecode.swift; path = airbnbApp.swift; sourceTree = "<group>"; };
		89E7C9582BF8DFB900F99443 /* ContentView.swift */ = {isa = PBXFileReference; lastKnownFileType = sourcecode.swift; path = ContentView.swift; sourceTree = "<group>"; };
		89E7C95A2BF8DFBA00F99443 /* Assets.xcassets */ = {isa = PBXFileReference; lastKnownFileType = folder.assetcatalog; path = Assets.xcassets; sourceTree = "<group>"; };
		89E7C95D2BF8DFBA00F99443 /* Preview Assets.xcassets */ = {isa = PBXFileReference; lastKnownFileType = folder.assetcatalog; path = "Preview Assets.xcassets"; sourceTree = "<group>"; };
		89E7C9702BF8F02500F99443 /* ExploreView.swift */ = {isa = PBXFileReference; lastKnownFileType = sourcecode.swift; path = ExploreView.swift; sourceTree = "<group>"; };
/* End PBXFileReference section */

/* Begin PBXFrameworksBuildPhase section */
		89E7C9502BF8DFB900F99443 /* Frameworks */ = {
			isa = PBXFrameworksBuildPhase;
			buildActionMask = 2147483647;
			files = (
			);
			runOnlyForDeploymentPostprocessing = 0;
		};
/* End PBXFrameworksBuildPhase section */

/* Begin PBXGroup section */
		8976A7982BF92AE000566319 /* Components */ = {
			isa = PBXGroup;
			children = (
				8976A79D2BF9403E00566319 /* ListingImageCarouselView.swift */,
			);
			path = Components;
			sourceTree = "<group>";
		};
		8976A7A72BFD69A600566319 /* Model */ = {
			isa = PBXGroup;
			children = (
				8976A7A82BFD69BE00566319 /* Listning.swift */,
			);
			path = Model;
			sourceTree = "<group>";
		};
		89E7C94A2BF8DFB900F99443 = {
			isa = PBXGroup;
			children = (
				89E7C9552BF8DFB900F99443 /* airbnb */,
				89E7C9542BF8DFB900F99443 /* Products */,
			);
			sourceTree = "<group>";
		};
		89E7C9542BF8DFB900F99443 /* Products */ = {
			isa = PBXGroup;
			children = (
				89E7C9532BF8DFB900F99443 /* airbnb.app */,
			);
			name = Products;
			sourceTree = "<group>";
		};
		89E7C9552BF8DFB900F99443 /* airbnb */ = {
			isa = PBXGroup;
			children = (
				8976A7982BF92AE000566319 /* Components */,
				89E7C9642BF8EEE800F99443 /* App */,
				89E7C9652BF8EEF700F99443 /* Core */,
				89E7C9682BF8EF0B00F99443 /* Extensions */,
				89E7C9672BF8EF0700F99443 /* Models */,
				89E7C9662BF8EEFD00F99443 /* Utils */,
				89E7C9562BF8DFB900F99443 /* airbnbApp.swift */,
				89E7C95A2BF8DFBA00F99443 /* Assets.xcassets */,
				89E7C95C2BF8DFBA00F99443 /* Preview Content */,
			);
			path = airbnb;
			sourceTree = "<group>";
		};
		89E7C95C2BF8DFBA00F99443 /* Preview Content */ = {
			isa = PBXGroup;
			children = (
				89E7C95D2BF8DFBA00F99443 /* Preview Assets.xcassets */,
			);
			path = "Preview Content";
			sourceTree = "<group>";
		};
		89E7C9642BF8EEE800F99443 /* App */ = {
			isa = PBXGroup;
			children = (
				89E7C9582BF8DFB900F99443 /* ContentView.swift */,
			);
			path = App;
			sourceTree = "<group>";
		};
		89E7C9652BF8EEF700F99443 /* Core */ = {
			isa = PBXGroup;
			children = (
				89E7C9692BF8EFDF00F99443 /* Explore */,
				89E7C96F2BF8F00D00F99443 /* Wishlists */,
				89E7C96E2BF8F00600F99443 /* Tabbar */,
				89E7C96D2BF8EFFE00F99443 /* Root */,
				89E7C96C2BF8EFF900F99443 /* Profile */,
				89E7C96B2BF8EFF400F99443 /* MpaView */,
				89E7C96A2BF8EFEE00F99443 /* Listings */,
			);
			path = Core;
			sourceTree = "<group>";
		};
		89E7C9662BF8EEFD00F99443 /* Utils */ = {
			isa = PBXGroup;
			children = (
			);
			path = Utils;
			sourceTree = "<group>";
		};
		89E7C9672BF8EF0700F99443 /* Models */ = {
			isa = PBXGroup;
			children = (
			);
			path = Models;
			sourceTree = "<group>";
		};
		89E7C9682BF8EF0B00F99443 /* Extensions */ = {
			isa = PBXGroup;
			children = (
				8976A7AA2BFD80C300566319 /* DeveloperPreview.swift */,
			);
			path = Extensions;
			sourceTree = "<group>";
		};
		89E7C9692BF8EFDF00F99443 /* Explore */ = {
			isa = PBXGroup;
			children = (
				89E7C9702BF8F02500F99443 /* ExploreView.swift */,
				8976A7992BF92AFE00566319 /* SearchAndFIlterBar.swift */,
				8976A79F2BF96D1C00566319 /* CheckoutView.swift */,
				8976A7A12BFAB2F200566319 /* DestinationSearchView.swift */,
			);
			path = Explore;
			sourceTree = "<group>";
		};
		89E7C96A2BF8EFEE00F99443 /* Listings */ = {
			isa = PBXGroup;
			children = (
				8976A7A72BFD69A600566319 /* Model */,
				8976A7962BF9265900566319 /* ListingItemView.swift */,
				8976A79B2BF9402400566319 /* ListingDetailView.swift */,
			);
			path = Listings;
			sourceTree = "<group>";
		};
		89E7C96B2BF8EFF400F99443 /* MpaView */ = {
			isa = PBXGroup;
			children = (
			);
			path = MpaView;
			sourceTree = "<group>";
		};
		89E7C96C2BF8EFF900F99443 /* Profile */ = {
			isa = PBXGroup;
			children = (
				8976A7A32BFC22A400566319 /* ProfileView.swift */,
			);
			path = Profile;
			sourceTree = "<group>";
		};
		89E7C96D2BF8EFFE00F99443 /* Root */ = {
			isa = PBXGroup;
			children = (
			);
			path = Root;
			sourceTree = "<group>";
		};
		89E7C96E2BF8F00600F99443 /* Tabbar */ = {
			isa = PBXGroup;
			children = (
				8976A7AC2BFD839900566319 /* TabbarView.swift */,
			);
			path = Tabbar;
			sourceTree = "<group>";
		};
		89E7C96F2BF8F00D00F99443 /* Wishlists */ = {
			isa = PBXGroup;
			children = (
				8976A7A52BFC295200566319 /* WishlistsView.swift */,
			);
			path = Wishlists;
			sourceTree = "<group>";
		};
/* End PBXGroup section */

/* Begin PBXNativeTarget section */
		89E7C9522BF8DFB900F99443 /* airbnb */ = {
			isa = PBXNativeTarget;
			buildConfigurationList = 89E7C9612BF8DFBA00F99443 /* Build configuration list for PBXNativeTarget "airbnb" */;
			buildPhases = (
				89E7C94F2BF8DFB900F99443 /* Sources */,
				89E7C9502BF8DFB900F99443 /* Frameworks */,
				89E7C9512BF8DFB900F99443 /* Resources */,
			);
			buildRules = (
			);
			dependencies = (
			);
			name = airbnb;
			productName = airbnb;
			productReference = 89E7C9532BF8DFB900F99443 /* airbnb.app */;
			productType = "com.apple.product-type.application";
		};
/* End PBXNativeTarget section */

/* Begin PBXProject section */
		89E7C94B2BF8DFB900F99443 /* Project object */ = {
			isa = PBXProject;
			attributes = {
				BuildIndependentTargetsInParallel = 1;
				LastSwiftUpdateCheck = 1540;
				LastUpgradeCheck = 1540;
				TargetAttributes = {
					89E7C9522BF8DFB900F99443 = {
						CreatedOnToolsVersion = 15.4;
					};
				};
			};
			buildConfigurationList = 89E7C94E2BF8DFB900F99443 /* Build configuration list for PBXProject "airbnb" */;
			compatibilityVersion = "Xcode 14.0";
			developmentRegion = en;
			hasScannedForEncodings = 0;
			knownRegions = (
				en,
				Base,
			);
			mainGroup = 89E7C94A2BF8DFB900F99443;
			productRefGroup = 89E7C9542BF8DFB900F99443 /* Products */;
			projectDirPath = "";
			projectRoot = "";
			targets = (
				89E7C9522BF8DFB900F99443 /* airbnb */,
			);
		};
/* End PBXProject section */

/* Begin PBXResourcesBuildPhase section */
		89E7C9512BF8DFB900F99443 /* Resources */ = {
			isa = PBXResourcesBuildPhase;
			buildActionMask = 2147483647;
			files = (
				89E7C95E2BF8DFBA00F99443 /* Preview Assets.xcassets in Resources */,
				89E7C95B2BF8DFBA00F99443 /* Assets.xcassets in Resources */,
			);
			runOnlyForDeploymentPostprocessing = 0;
		};
/* End PBXResourcesBuildPhase section */

/* Begin PBXSourcesBuildPhase section */
		89E7C94F2BF8DFB900F99443 /* Sources */ = {
			isa = PBXSourcesBuildPhase;
			buildActionMask = 2147483647;
			files = (
				8976A79E2BF9403E00566319 /* ListingImageCarouselView.swift in Sources */,
				8976A7972BF9265900566319 /* ListingItemView.swift in Sources */,
				8976A7A42BFC22A400566319 /* ProfileView.swift in Sources */,
				89E7C9592BF8DFB900F99443 /* ContentView.swift in Sources */,
				8976A79A2BF92AFE00566319 /* SearchAndFIlterBar.swift in Sources */,
				89E7C9712BF8F02500F99443 /* ExploreView.swift in Sources */,
				8976A7A62BFC295200566319 /* WishlistsView.swift in Sources */,
				8976A7A22BFAB2F200566319 /* DestinationSearchView.swift in Sources */,
				8976A7AD2BFD839900566319 /* TabbarView.swift in Sources */,
				8976A79C2BF9402400566319 /* ListingDetailView.swift in Sources */,
				8976A7AB2BFD80C300566319 /* DeveloperPreview.swift in Sources */,
				8976A7A92BFD69BE00566319 /* Listning.swift in Sources */,
				8976A7A02BF96D1C00566319 /* CheckoutView.swift in Sources */,
				89E7C9572BF8DFB900F99443 /* airbnbApp.swift in Sources */,
			);
			runOnlyForDeploymentPostprocessing = 0;
		};
/* End PBXSourcesBuildPhase section */

/* Begin XCBuildConfiguration section */
		89E7C95F2BF8DFBA00F99443 /* Debug */ = {
			isa = XCBuildConfiguration;
			buildSettings = {
				ALWAYS_SEARCH_USER_PATHS = NO;
				ASSETCATALOG_COMPILER_GENERATE_SWIFT_ASSET_SYMBOL_EXTENSIONS = YES;
				CLANG_ANALYZER_NONNULL = YES;
				CLANG_ANALYZER_NUMBER_OBJECT_CONVERSION = YES_AGGRESSIVE;
				CLANG_CXX_LANGUAGE_STANDARD = "gnu++20";
				CLANG_ENABLE_MODULES = YES;
				CLANG_ENABLE_OBJC_ARC = YES;
				CLANG_ENABLE_OBJC_WEAK = YES;
				CLANG_WARN_BLOCK_CAPTURE_AUTORELEASING = YES;
				CLANG_WARN_BOOL_CONVERSION = YES;
				CLANG_WARN_COMMA = YES;
				CLANG_WARN_CONSTANT_CONVERSION = YES;
				CLANG_WARN_DEPRECATED_OBJC_IMPLEMENTATIONS = YES;
				CLANG_WARN_DIRECT_OBJC_ISA_USAGE = YES_ERROR;
				CLANG_WARN_DOCUMENTATION_COMMENTS = YES;
				CLANG_WARN_EMPTY_BODY = YES;
				CLANG_WARN_ENUM_CONVERSION = YES;
				CLANG_WARN_INFINITE_RECURSION = YES;
				CLANG_WARN_INT_CONVERSION = YES;
				CLANG_WARN_NON_LITERAL_NULL_CONVERSION = YES;
				CLANG_WARN_OBJC_IMPLICIT_RETAIN_SELF = YES;
				CLANG_WARN_OBJC_LITERAL_CONVERSION = YES;
				CLANG_WARN_OBJC_ROOT_CLASS = YES_ERROR;
				CLANG_WARN_QUOTED_INCLUDE_IN_FRAMEWORK_HEADER = YES;
				CLANG_WARN_RANGE_LOOP_ANALYSIS = YES;
				CLANG_WARN_STRICT_PROTOTYPES = YES;
				CLANG_WARN_SUSPICIOUS_MOVE = YES;
				CLANG_WARN_UNGUARDED_AVAILABILITY = YES_AGGRESSIVE;
				CLANG_WARN_UNREACHABLE_CODE = YES;
				CLANG_WARN__DUPLICATE_METHOD_MATCH = YES;
				COPY_PHASE_STRIP = NO;
				DEBUG_INFORMATION_FORMAT = dwarf;
				ENABLE_STRICT_OBJC_MSGSEND = YES;
				ENABLE_TESTABILITY = YES;
				ENABLE_USER_SCRIPT_SANDBOXING = YES;
				GCC_C_LANGUAGE_STANDARD = gnu17;
				GCC_DYNAMIC_NO_PIC = NO;
				GCC_NO_COMMON_BLOCKS = YES;
				GCC_OPTIMIZATION_LEVEL = 0;
				GCC_PREPROCESSOR_DEFINITIONS = (
					"DEBUG=1",
					"$(inherited)",
				);
				GCC_WARN_64_TO_32_BIT_CONVERSION = YES;
				GCC_WARN_ABOUT_RETURN_TYPE = YES_ERROR;
				GCC_WARN_UNDECLARED_SELECTOR = YES;
				GCC_WARN_UNINITIALIZED_AUTOS = YES_AGGRESSIVE;
				GCC_WARN_UNUSED_FUNCTION = YES;
				GCC_WARN_UNUSED_VARIABLE = YES;
				IPHONEOS_DEPLOYMENT_TARGET = 17.5;
				LOCALIZATION_PREFERS_STRING_CATALOGS = YES;
				MTL_ENABLE_DEBUG_INFO = INCLUDE_SOURCE;
				MTL_FAST_MATH = YES;
				ONLY_ACTIVE_ARCH = YES;
				SDKROOT = iphoneos;
				SWIFT_ACTIVE_COMPILATION_CONDITIONS = "DEBUG $(inherited)";
				SWIFT_OPTIMIZATION_LEVEL = "-Onone";
			};
			name = Debug;
		};
		89E7C9602BF8DFBA00F99443 /* Release */ = {
			isa = XCBuildConfiguration;
			buildSettings = {
				ALWAYS_SEARCH_USER_PATHS = NO;
				ASSETCATALOG_COMPILER_GENERATE_SWIFT_ASSET_SYMBOL_EXTENSIONS = YES;
				CLANG_ANALYZER_NONNULL = YES;
				CLANG_ANALYZER_NUMBER_OBJECT_CONVERSION = YES_AGGRESSIVE;
				CLANG_CXX_LANGUAGE_STANDARD = "gnu++20";
				CLANG_ENABLE_MODULES = YES;
				CLANG_ENABLE_OBJC_ARC = YES;
				CLANG_ENABLE_OBJC_WEAK = YES;
				CLANG_WARN_BLOCK_CAPTURE_AUTORELEASING = YES;
				CLANG_WARN_BOOL_CONVERSION = YES;
				CLANG_WARN_COMMA = YES;
				CLANG_WARN_CONSTANT_CONVERSION = YES;
				CLANG_WARN_DEPRECATED_OBJC_IMPLEMENTATIONS = YES;
				CLANG_WARN_DIRECT_OBJC_ISA_USAGE = YES_ERROR;
				CLANG_WARN_DOCUMENTATION_COMMENTS = YES;
				CLANG_WARN_EMPTY_BODY = YES;
				CLANG_WARN_ENUM_CONVERSION = YES;
				CLANG_WARN_INFINITE_RECURSION = YES;
				CLANG_WARN_INT_CONVERSION = YES;
				CLANG_WARN_NON_LITERAL_NULL_CONVERSION = YES;
				CLANG_WARN_OBJC_IMPLICIT_RETAIN_SELF = YES;
				CLANG_WARN_OBJC_LITERAL_CONVERSION = YES;
				CLANG_WARN_OBJC_ROOT_CLASS = YES_ERROR;
				CLANG_WARN_QUOTED_INCLUDE_IN_FRAMEWORK_HEADER = YES;
				CLANG_WARN_RANGE_LOOP_ANALYSIS = YES;
				CLANG_WARN_STRICT_PROTOTYPES = YES;
				CLANG_WARN_SUSPICIOUS_MOVE = YES;
				CLANG_WARN_UNGUARDED_AVAILABILITY = YES_AGGRESSIVE;
				CLANG_WARN_UNREACHABLE_CODE = YES;
				CLANG_WARN__DUPLICATE_METHOD_MATCH = YES;
				COPY_PHASE_STRIP = NO;
				DEBUG_INFORMATION_FORMAT = "dwarf-with-dsym";
				ENABLE_NS_ASSERTIONS = NO;
				ENABLE_STRICT_OBJC_MSGSEND = YES;
				ENABLE_USER_SCRIPT_SANDBOXING = YES;
				GCC_C_LANGUAGE_STANDARD = gnu17;
				GCC_NO_COMMON_BLOCKS = YES;
				GCC_WARN_64_TO_32_BIT_CONVERSION = YES;
				GCC_WARN_ABOUT_RETURN_TYPE = YES_ERROR;
				GCC_WARN_UNDECLARED_SELECTOR = YES;
				GCC_WARN_UNINITIALIZED_AUTOS = YES_AGGRESSIVE;
				GCC_WARN_UNUSED_FUNCTION = YES;
				GCC_WARN_UNUSED_VARIABLE = YES;
				IPHONEOS_DEPLOYMENT_TARGET = 17.5;
				LOCALIZATION_PREFERS_STRING_CATALOGS = YES;
				MTL_ENABLE_DEBUG_INFO = NO;
				MTL_FAST_MATH = YES;
				SDKROOT = iphoneos;
				SWIFT_COMPILATION_MODE = wholemodule;
				VALIDATE_PRODUCT = YES;
			};
			name = Release;
		};
		89E7C9622BF8DFBA00F99443 /* Debug */ = {
			isa = XCBuildConfiguration;
			buildSettings = {
				ASSETCATALOG_COMPILER_APPICON_NAME = AppIcon;
				ASSETCATALOG_COMPILER_GLOBAL_ACCENT_COLOR_NAME = AccentColor;
				CODE_SIGN_STYLE = Automatic;
				CURRENT_PROJECT_VERSION = 1;
				DEVELOPMENT_ASSET_PATHS = "\"airbnb/Preview Content\"";
				DEVELOPMENT_TEAM = ARMCZ8B7KP;
				ENABLE_PREVIEWS = YES;
				GENERATE_INFOPLIST_FILE = YES;
				INFOPLIST_KEY_UIApplicationSceneManifest_Generation = YES;
				INFOPLIST_KEY_UIApplicationSupportsIndirectInputEvents = YES;
				INFOPLIST_KEY_UILaunchScreen_Generation = YES;
				INFOPLIST_KEY_UISupportedInterfaceOrientations_iPad = "UIInterfaceOrientationPortrait UIInterfaceOrientationPortraitUpsideDown UIInterfaceOrientationLandscapeLeft UIInterfaceOrientationLandscapeRight";
				INFOPLIST_KEY_UISupportedInterfaceOrientations_iPhone = "UIInterfaceOrientationPortrait UIInterfaceOrientationLandscapeLeft UIInterfaceOrientationLandscapeRight";
				LD_RUNPATH_SEARCH_PATHS = (
					"$(inherited)",
					"@executable_path/Frameworks",
				);
				MARKETING_VERSION = 1.0;
				PRODUCT_BUNDLE_IDENTIFIER = br.com.req.airbnb;
				PRODUCT_NAME = "$(TARGET_NAME)";
				SWIFT_EMIT_LOC_STRINGS = YES;
				SWIFT_VERSION = 5.0;
				TARGETED_DEVICE_FAMILY = "1,2";
			};
			name = Debug;
		};
		89E7C9632BF8DFBA00F99443 /* Release */ = {
			isa = XCBuildConfiguration;
			buildSettings = {
				ASSETCATALOG_COMPILER_APPICON_NAME = AppIcon;
				ASSETCATALOG_COMPILER_GLOBAL_ACCENT_COLOR_NAME = AccentColor;
				CODE_SIGN_STYLE = Automatic;
				CURRENT_PROJECT_VERSION = 1;
				DEVELOPMENT_ASSET_PATHS = "\"airbnb/Preview Content\"";
				DEVELOPMENT_TEAM = ARMCZ8B7KP;
				ENABLE_PREVIEWS = YES;
				GENERATE_INFOPLIST_FILE = YES;
				INFOPLIST_KEY_UIApplicationSceneManifest_Generation = YES;
				INFOPLIST_KEY_UIApplicationSupportsIndirectInputEvents = YES;
				INFOPLIST_KEY_UILaunchScreen_Generation = YES;
				INFOPLIST_KEY_UISupportedInterfaceOrientations_iPad = "UIInterfaceOrientationPortrait UIInterfaceOrientationPortraitUpsideDown UIInterfaceOrientationLandscapeLeft UIInterfaceOrientationLandscapeRight";
				INFOPLIST_KEY_UISupportedInterfaceOrientations_iPhone = "UIInterfaceOrientationPortrait UIInterfaceOrientationLandscapeLeft UIInterfaceOrientationLandscapeRight";
				LD_RUNPATH_SEARCH_PATHS = (
					"$(inherited)",
					"@executable_path/Frameworks",
				);
				MARKETING_VERSION = 1.0;
				PRODUCT_BUNDLE_IDENTIFIER = br.com.req.airbnb;
				PRODUCT_NAME = "$(TARGET_NAME)";
				SWIFT_EMIT_LOC_STRINGS = YES;
				SWIFT_VERSION = 5.0;
				TARGETED_DEVICE_FAMILY = "1,2";
			};
			name = Release;
		};
/* End XCBuildConfiguration section */

/* Begin XCConfigurationList section */
		89E7C94E2BF8DFB900F99443 /* Build configuration list for PBXProject "airbnb" */ = {
			isa = XCConfigurationList;
			buildConfigurations = (
				89E7C95F2BF8DFBA00F99443 /* Debug */,
				89E7C9602BF8DFBA00F99443 /* Release */,
			);
			defaultConfigurationIsVisible = 0;
			defaultConfigurationName = Release;
		};
		89E7C9612BF8DFBA00F99443 /* Build configuration list for PBXNativeTarget "airbnb" */ = {
			isa = XCConfigurationList;
			buildConfigurations = (
				89E7C9622BF8DFBA00F99443 /* Debug */,
				89E7C9632BF8DFBA00F99443 /* Release */,
			);
			defaultConfigurationIsVisible = 0;
			defaultConfigurationName = Release;
		};
/* End XCConfigurationList section */
	};
	rootObject = 89E7C94B2BF8DFB900F99443 /* Project object */;
}
